// !$*UTF8*$!
{
	archiveVersion = 1;
	classes = {
	};
	objectVersion = 55;
	objects = {

/* Begin PBXBuildFile section */
		9F21879A280EECF500995C5D /* CharacterViewModel.swift in Sources */ = {isa = PBXBuildFile; fileRef = 9F218799280EECF500995C5D /* CharacterViewModel.swift */; };
		9F21879C280EED5300995C5D /* Observable2.swift in Sources */ = {isa = PBXBuildFile; fileRef = 9F21879B280EED5300995C5D /* Observable2.swift */; };
		9F21879E280EFDAA00995C5D /* UIString.swift in Sources */ = {isa = PBXBuildFile; fileRef = 9F21879D280EFDAA00995C5D /* UIString.swift */; };
		9F2187A0280F046200995C5D /* TodoViewModel.swift in Sources */ = {isa = PBXBuildFile; fileRef = 9F21879F280F046200995C5D /* TodoViewModel.swift */; };
		9F2187A2280F119A00995C5D /* ImitatedModifyRequest.swift in Sources */ = {isa = PBXBuildFile; fileRef = 9F2187A1280F119A00995C5D /* ImitatedModifyRequest.swift */; };
		9F2187A4280F1B3E00995C5D /* ImitatedModifyResponse.swift in Sources */ = {isa = PBXBuildFile; fileRef = 9F2187A3280F1B3E00995C5D /* ImitatedModifyResponse.swift */; };
		9FAA61A32809C4EE00CFA2A4 /* AlertView.xib in Resources */ = {isa = PBXBuildFile; fileRef = 9FAA61A22809C4EE00CFA2A4 /* AlertView.xib */; };
		9FAA61A52809C4FC00CFA2A4 /* AlertView.swift in Sources */ = {isa = PBXBuildFile; fileRef = 9FAA61A42809C4FC00CFA2A4 /* AlertView.swift */; };
		9FAA61A82809E75F00CFA2A4 /* SignUpService.swift in Sources */ = {isa = PBXBuildFile; fileRef = 9FAA61A72809E75F00CFA2A4 /* SignUpService.swift */; };
		9FAA61AA2809E89C00CFA2A4 /* SignUpResponse.swift in Sources */ = {isa = PBXBuildFile; fileRef = 9FAA61A92809E89C00CFA2A4 /* SignUpResponse.swift */; };
		9FAA61AD2809EEFC00CFA2A4 /* Constant.swift in Sources */ = {isa = PBXBuildFile; fileRef = 9FAA61AC2809EEFC00CFA2A4 /* Constant.swift */; };
		9FAA61AF280A184400CFA2A4 /* CelebrityService.swift in Sources */ = {isa = PBXBuildFile; fileRef = 9FAA61AE280A184400CFA2A4 /* CelebrityService.swift */; };
		9FAA61B1280A1A5300CFA2A4 /* ShowCelebrityResponse.swift in Sources */ = {isa = PBXBuildFile; fileRef = 9FAA61B0280A1A5300CFA2A4 /* ShowCelebrityResponse.swift */; };
		9FAA61B3280A1F3100CFA2A4 /* ShowCelebrityListResponse.swift in Sources */ = {isa = PBXBuildFile; fileRef = 9FAA61B2280A1F3100CFA2A4 /* ShowCelebrityListResponse.swift */; };
		9FAA61B7280A221400CFA2A4 /* ImitateCelebrityResponse.swift in Sources */ = {isa = PBXBuildFile; fileRef = 9FAA61B6280A221400CFA2A4 /* ImitateCelebrityResponse.swift */; };
		9FAA61B9280A244300CFA2A4 /* ImitatedService.swift in Sources */ = {isa = PBXBuildFile; fileRef = 9FAA61B8280A244300CFA2A4 /* ImitatedService.swift */; };
		9FAA61BB280A246B00CFA2A4 /* ImitatedResponse.swift in Sources */ = {isa = PBXBuildFile; fileRef = 9FAA61BA280A246B00CFA2A4 /* ImitatedResponse.swift */; };
		9FE7727728046B6C0022FE89 /* AppDelegate.swift in Sources */ = {isa = PBXBuildFile; fileRef = 9FE7727628046B6C0022FE89 /* AppDelegate.swift */; };
		9FE7727928046B6C0022FE89 /* SceneDelegate.swift in Sources */ = {isa = PBXBuildFile; fileRef = 9FE7727828046B6C0022FE89 /* SceneDelegate.swift */; };
		9FE7727B28046B6C0022FE89 /* HomeViewController.swift in Sources */ = {isa = PBXBuildFile; fileRef = 9FE7727A28046B6C0022FE89 /* HomeViewController.swift */; };
		9FE7728028046B6D0022FE89 /* Assets.xcassets in Resources */ = {isa = PBXBuildFile; fileRef = 9FE7727F28046B6D0022FE89 /* Assets.xcassets */; };
		9FE7728328046B6D0022FE89 /* LaunchScreen.storyboard in Resources */ = {isa = PBXBuildFile; fileRef = 9FE7728128046B6D0022FE89 /* LaunchScreen.storyboard */; };
		9FE7728B28046D5D0022FE89 /* CharacterViewController.swift in Sources */ = {isa = PBXBuildFile; fileRef = 9FE7728A28046D5D0022FE89 /* CharacterViewController.swift */; };
		9FE7728D2805445D0022FE89 /* Pretendard-Bold.otf in Resources */ = {isa = PBXBuildFile; fileRef = 9FE7728C280544570022FE89 /* Pretendard-Bold.otf */; };
		9FE7728F280544990022FE89 /* Pretendard-Regular.otf in Resources */ = {isa = PBXBuildFile; fileRef = 9FE7728E280544960022FE89 /* Pretendard-Regular.otf */; };
		9FE7729328055D140022FE89 /* TodoViewController.swift in Sources */ = {isa = PBXBuildFile; fileRef = 9FE7729228055D140022FE89 /* TodoViewController.swift */; };
		9FE772952805A7280022FE89 /* CelebrityProfileViewController.swift in Sources */ = {isa = PBXBuildFile; fileRef = 9FE772942805A7280022FE89 /* CelebrityProfileViewController.swift */; };
		9FE772972805A7400022FE89 /* CelebrityRoutinViewController.swift in Sources */ = {isa = PBXBuildFile; fileRef = 9FE772962805A7400022FE89 /* CelebrityRoutinViewController.swift */; };
		F3158B1290D6E918404EF7C2 /* Pods_CharacterTest.framework in Frameworks */ = {isa = PBXBuildFile; fileRef = B3F78005A590FFA510E110D2 /* Pods_CharacterTest.framework */; };
/* End PBXBuildFile section */

/* Begin PBXFileReference section */
		5432D086AFE3E16B004C9893 /* Pods-CharacterTest.debug.xcconfig */ = {isa = PBXFileReference; includeInIndex = 1; lastKnownFileType = text.xcconfig; name = "Pods-CharacterTest.debug.xcconfig"; path = "Target Support Files/Pods-CharacterTest/Pods-CharacterTest.debug.xcconfig"; sourceTree = "<group>"; };
		93ABE0981D3FE712BD8FAABC /* Pods-CharacterTest.release.xcconfig */ = {isa = PBXFileReference; includeInIndex = 1; lastKnownFileType = text.xcconfig; name = "Pods-CharacterTest.release.xcconfig"; path = "Target Support Files/Pods-CharacterTest/Pods-CharacterTest.release.xcconfig"; sourceTree = "<group>"; };
		9F218799280EECF500995C5D /* CharacterViewModel.swift */ = {isa = PBXFileReference; lastKnownFileType = sourcecode.swift; path = CharacterViewModel.swift; sourceTree = "<group>"; };
		9F21879B280EED5300995C5D /* Observable2.swift */ = {isa = PBXFileReference; lastKnownFileType = sourcecode.swift; path = Observable2.swift; sourceTree = "<group>"; };
		9F21879D280EFDAA00995C5D /* UIString.swift */ = {isa = PBXFileReference; lastKnownFileType = sourcecode.swift; path = UIString.swift; sourceTree = "<group>"; };
		9F21879F280F046200995C5D /* TodoViewModel.swift */ = {isa = PBXFileReference; lastKnownFileType = sourcecode.swift; path = TodoViewModel.swift; sourceTree = "<group>"; };
		9F2187A1280F119A00995C5D /* ImitatedModifyRequest.swift */ = {isa = PBXFileReference; lastKnownFileType = sourcecode.swift; path = ImitatedModifyRequest.swift; sourceTree = "<group>"; };
		9F2187A3280F1B3E00995C5D /* ImitatedModifyResponse.swift */ = {isa = PBXFileReference; lastKnownFileType = sourcecode.swift; path = ImitatedModifyResponse.swift; sourceTree = "<group>"; };
		9FAA61A22809C4EE00CFA2A4 /* AlertView.xib */ = {isa = PBXFileReference; lastKnownFileType = file.xib; path = AlertView.xib; sourceTree = "<group>"; };
		9FAA61A42809C4FC00CFA2A4 /* AlertView.swift */ = {isa = PBXFileReference; lastKnownFileType = sourcecode.swift; path = AlertView.swift; sourceTree = "<group>"; };
		9FAA61A72809E75F00CFA2A4 /* SignUpService.swift */ = {isa = PBXFileReference; lastKnownFileType = sourcecode.swift; path = SignUpService.swift; sourceTree = "<group>"; };
		9FAA61A92809E89C00CFA2A4 /* SignUpResponse.swift */ = {isa = PBXFileReference; lastKnownFileType = sourcecode.swift; path = SignUpResponse.swift; sourceTree = "<group>"; };
		9FAA61AC2809EEFC00CFA2A4 /* Constant.swift */ = {isa = PBXFileReference; lastKnownFileType = sourcecode.swift; path = Constant.swift; sourceTree = "<group>"; };
		9FAA61AE280A184400CFA2A4 /* CelebrityService.swift */ = {isa = PBXFileReference; lastKnownFileType = sourcecode.swift; path = CelebrityService.swift; sourceTree = "<group>"; };
		9FAA61B0280A1A5300CFA2A4 /* ShowCelebrityResponse.swift */ = {isa = PBXFileReference; lastKnownFileType = sourcecode.swift; path = ShowCelebrityResponse.swift; sourceTree = "<group>"; };
		9FAA61B2280A1F3100CFA2A4 /* ShowCelebrityListResponse.swift */ = {isa = PBXFileReference; lastKnownFileType = sourcecode.swift; path = ShowCelebrityListResponse.swift; sourceTree = "<group>"; };
		9FAA61B6280A221400CFA2A4 /* ImitateCelebrityResponse.swift */ = {isa = PBXFileReference; lastKnownFileType = sourcecode.swift; path = ImitateCelebrityResponse.swift; sourceTree = "<group>"; };
		9FAA61B8280A244300CFA2A4 /* ImitatedService.swift */ = {isa = PBXFileReference; lastKnownFileType = sourcecode.swift; path = ImitatedService.swift; sourceTree = "<group>"; };
		9FAA61BA280A246B00CFA2A4 /* ImitatedResponse.swift */ = {isa = PBXFileReference; lastKnownFileType = sourcecode.swift; path = ImitatedResponse.swift; sourceTree = "<group>"; };
		9FE7727328046B6C0022FE89 /* CharacterTest.app */ = {isa = PBXFileReference; explicitFileType = wrapper.application; includeInIndex = 0; path = CharacterTest.app; sourceTree = BUILT_PRODUCTS_DIR; };
		9FE7727628046B6C0022FE89 /* AppDelegate.swift */ = {isa = PBXFileReference; lastKnownFileType = sourcecode.swift; path = AppDelegate.swift; sourceTree = "<group>"; };
		9FE7727828046B6C0022FE89 /* SceneDelegate.swift */ = {isa = PBXFileReference; lastKnownFileType = sourcecode.swift; path = SceneDelegate.swift; sourceTree = "<group>"; };
		9FE7727A28046B6C0022FE89 /* HomeViewController.swift */ = {isa = PBXFileReference; lastKnownFileType = sourcecode.swift; path = HomeViewController.swift; sourceTree = "<group>"; };
		9FE7727F28046B6D0022FE89 /* Assets.xcassets */ = {isa = PBXFileReference; lastKnownFileType = folder.assetcatalog; path = Assets.xcassets; sourceTree = "<group>"; };
		9FE7728228046B6D0022FE89 /* Base */ = {isa = PBXFileReference; lastKnownFileType = file.storyboard; name = Base; path = Base.lproj/LaunchScreen.storyboard; sourceTree = "<group>"; };
		9FE7728428046B6D0022FE89 /* Info.plist */ = {isa = PBXFileReference; lastKnownFileType = text.plist.xml; path = Info.plist; sourceTree = "<group>"; };
		9FE7728A28046D5D0022FE89 /* CharacterViewController.swift */ = {isa = PBXFileReference; lastKnownFileType = sourcecode.swift; path = CharacterViewController.swift; sourceTree = "<group>"; };
		9FE7728C280544570022FE89 /* Pretendard-Bold.otf */ = {isa = PBXFileReference; lastKnownFileType = file; path = "Pretendard-Bold.otf"; sourceTree = "<group>"; };
		9FE7728E280544960022FE89 /* Pretendard-Regular.otf */ = {isa = PBXFileReference; lastKnownFileType = file; path = "Pretendard-Regular.otf"; sourceTree = "<group>"; };
		9FE7729228055D140022FE89 /* TodoViewController.swift */ = {isa = PBXFileReference; lastKnownFileType = sourcecode.swift; path = TodoViewController.swift; sourceTree = "<group>"; };
		9FE772942805A7280022FE89 /* CelebrityProfileViewController.swift */ = {isa = PBXFileReference; lastKnownFileType = sourcecode.swift; path = CelebrityProfileViewController.swift; sourceTree = "<group>"; };
		9FE772962805A7400022FE89 /* CelebrityRoutinViewController.swift */ = {isa = PBXFileReference; lastKnownFileType = sourcecode.swift; path = CelebrityRoutinViewController.swift; sourceTree = "<group>"; };
		B3F78005A590FFA510E110D2 /* Pods_CharacterTest.framework */ = {isa = PBXFileReference; explicitFileType = wrapper.framework; includeInIndex = 0; path = Pods_CharacterTest.framework; sourceTree = BUILT_PRODUCTS_DIR; };
/* End PBXFileReference section */

/* Begin PBXFrameworksBuildPhase section */
		9FE7727028046B6C0022FE89 /* Frameworks */ = {
			isa = PBXFrameworksBuildPhase;
			buildActionMask = 2147483647;
			files = (
				F3158B1290D6E918404EF7C2 /* Pods_CharacterTest.framework in Frameworks */,
			);
			runOnlyForDeploymentPostprocessing = 0;
		};
/* End PBXFrameworksBuildPhase section */

/* Begin PBXGroup section */
		8CBB827241F0656B56688C25 /* Pods */ = {
			isa = PBXGroup;
			children = (
				5432D086AFE3E16B004C9893 /* Pods-CharacterTest.debug.xcconfig */,
				93ABE0981D3FE712BD8FAABC /* Pods-CharacterTest.release.xcconfig */,
			);
			path = Pods;
			sourceTree = "<group>";
		};
		9FAA61A12809C4E000CFA2A4 /* AlertView */ = {
			isa = PBXGroup;
			children = (
				9FAA61A22809C4EE00CFA2A4 /* AlertView.xib */,
				9FAA61A42809C4FC00CFA2A4 /* AlertView.swift */,
			);
			path = AlertView;
			sourceTree = "<group>";
		};
		9FAA61A62809E00E00CFA2A4 /* Network */ = {
			isa = PBXGroup;
			children = (
				9FAA61A72809E75F00CFA2A4 /* SignUpService.swift */,
				9FAA61A92809E89C00CFA2A4 /* SignUpResponse.swift */,
				9FAA61AE280A184400CFA2A4 /* CelebrityService.swift */,
				9FAA61B2280A1F3100CFA2A4 /* ShowCelebrityListResponse.swift */,
				9FAA61B0280A1A5300CFA2A4 /* ShowCelebrityResponse.swift */,
				9FAA61B6280A221400CFA2A4 /* ImitateCelebrityResponse.swift */,
				9FAA61B8280A244300CFA2A4 /* ImitatedService.swift */,
				9FAA61BA280A246B00CFA2A4 /* ImitatedResponse.swift */,
				9F2187A1280F119A00995C5D /* ImitatedModifyRequest.swift */,
				9F2187A3280F1B3E00995C5D /* ImitatedModifyResponse.swift */,
			);
			path = Network;
			sourceTree = "<group>";
		};
		9FAA61AB2809EEEB00CFA2A4 /* Constant */ = {
			isa = PBXGroup;
			children = (
				9FAA61AC2809EEFC00CFA2A4 /* Constant.swift */,
			);
			path = Constant;
			sourceTree = "<group>";
		};
		9FE7726A28046B6C0022FE89 = {
			isa = PBXGroup;
			children = (
				9FE7727528046B6C0022FE89 /* CharacterTest */,
				9FE7727428046B6C0022FE89 /* Products */,
				8CBB827241F0656B56688C25 /* Pods */,
				ED1C58C28878E6139057F005 /* Frameworks */,
			);
			sourceTree = "<group>";
		};
		9FE7727428046B6C0022FE89 /* Products */ = {
			isa = PBXGroup;
			children = (
				9FE7727328046B6C0022FE89 /* CharacterTest.app */,
			);
			name = Products;
			sourceTree = "<group>";
		};
		9FE7727528046B6C0022FE89 /* CharacterTest */ = {
			isa = PBXGroup;
			children = (
				9FAA61AB2809EEEB00CFA2A4 /* Constant */,
				9FAA61A62809E00E00CFA2A4 /* Network */,
				9FAA61A12809C4E000CFA2A4 /* AlertView */,
				9FE7728C280544570022FE89 /* Pretendard-Bold.otf */,
				9FE7728E280544960022FE89 /* Pretendard-Regular.otf */,
				9FE7727628046B6C0022FE89 /* AppDelegate.swift */,
				9FE7727828046B6C0022FE89 /* SceneDelegate.swift */,
				9F21879D280EFDAA00995C5D /* UIString.swift */,
				9FE7727A28046B6C0022FE89 /* HomeViewController.swift */,
				9FE7728A28046D5D0022FE89 /* CharacterViewController.swift */,
				9FE772942805A7280022FE89 /* CelebrityProfileViewController.swift */,
				9FE772962805A7400022FE89 /* CelebrityRoutinViewController.swift */,
				9F218799280EECF500995C5D /* CharacterViewModel.swift */,
				9FE7729228055D140022FE89 /* TodoViewController.swift */,
				9F21879F280F046200995C5D /* TodoViewModel.swift */,
				9F21879B280EED5300995C5D /* Observable2.swift */,
				9FE7727F28046B6D0022FE89 /* Assets.xcassets */,
				9FE7728128046B6D0022FE89 /* LaunchScreen.storyboard */,
				9FE7728428046B6D0022FE89 /* Info.plist */,
			);
			path = CharacterTest;
			sourceTree = "<group>";
		};
		ED1C58C28878E6139057F005 /* Frameworks */ = {
			isa = PBXGroup;
			children = (
				B3F78005A590FFA510E110D2 /* Pods_CharacterTest.framework */,
			);
			name = Frameworks;
			sourceTree = "<group>";
		};
/* End PBXGroup section */

/* Begin PBXNativeTarget section */
		9FE7727228046B6C0022FE89 /* CharacterTest */ = {
			isa = PBXNativeTarget;
			buildConfigurationList = 9FE7728728046B6D0022FE89 /* Build configuration list for PBXNativeTarget "CharacterTest" */;
			buildPhases = (
				B923244775EB7F2D7A8A6E54 /* [CP] Check Pods Manifest.lock */,
				9FE7726F28046B6C0022FE89 /* Sources */,
				9FE7727028046B6C0022FE89 /* Frameworks */,
				9FE7727128046B6C0022FE89 /* Resources */,
				ACF089A02E361FF406B0FFD6 /* [CP] Embed Pods Frameworks */,
			);
			buildRules = (
			);
			dependencies = (
			);
			name = CharacterTest;
			productName = CharacterTest;
			productReference = 9FE7727328046B6C0022FE89 /* CharacterTest.app */;
			productType = "com.apple.product-type.application";
		};
/* End PBXNativeTarget section */

/* Begin PBXProject section */
		9FE7726B28046B6C0022FE89 /* Project object */ = {
			isa = PBXProject;
			attributes = {
				BuildIndependentTargetsInParallel = 1;
				LastSwiftUpdateCheck = 1320;
				LastUpgradeCheck = 1320;
				TargetAttributes = {
					9FE7727228046B6C0022FE89 = {
						CreatedOnToolsVersion = 13.2.1;
					};
				};
			};
			buildConfigurationList = 9FE7726E28046B6C0022FE89 /* Build configuration list for PBXProject "CharacterTest" */;
			compatibilityVersion = "Xcode 13.0";
			developmentRegion = en;
			hasScannedForEncodings = 0;
			knownRegions = (
				en,
				Base,
			);
			mainGroup = 9FE7726A28046B6C0022FE89;
			productRefGroup = 9FE7727428046B6C0022FE89 /* Products */;
			projectDirPath = "";
			projectRoot = "";
			targets = (
				9FE7727228046B6C0022FE89 /* CharacterTest */,
			);
		};
/* End PBXProject section */

/* Begin PBXResourcesBuildPhase section */
		9FE7727128046B6C0022FE89 /* Resources */ = {
			isa = PBXResourcesBuildPhase;
			buildActionMask = 2147483647;
			files = (
				9FE7728328046B6D0022FE89 /* LaunchScreen.storyboard in Resources */,
				9FE7728F280544990022FE89 /* Pretendard-Regular.otf in Resources */,
				9FE7728D2805445D0022FE89 /* Pretendard-Bold.otf in Resources */,
				9FAA61A32809C4EE00CFA2A4 /* AlertView.xib in Resources */,
				9FE7728028046B6D0022FE89 /* Assets.xcassets in Resources */,
			);
			runOnlyForDeploymentPostprocessing = 0;
		};
/* End PBXResourcesBuildPhase section */

/* Begin PBXShellScriptBuildPhase section */
		ACF089A02E361FF406B0FFD6 /* [CP] Embed Pods Frameworks */ = {
			isa = PBXShellScriptBuildPhase;
			buildActionMask = 2147483647;
			files = (
			);
			inputFileListPaths = (
				"${PODS_ROOT}/Target Support Files/Pods-CharacterTest/Pods-CharacterTest-frameworks-${CONFIGURATION}-input-files.xcfilelist",
			);
			name = "[CP] Embed Pods Frameworks";
			outputFileListPaths = (
				"${PODS_ROOT}/Target Support Files/Pods-CharacterTest/Pods-CharacterTest-frameworks-${CONFIGURATION}-output-files.xcfilelist",
			);
			runOnlyForDeploymentPostprocessing = 0;
			shellPath = /bin/sh;
			shellScript = "\"${PODS_ROOT}/Target Support Files/Pods-CharacterTest/Pods-CharacterTest-frameworks.sh\"\n";
			showEnvVarsInLog = 0;
		};
		B923244775EB7F2D7A8A6E54 /* [CP] Check Pods Manifest.lock */ = {
			isa = PBXShellScriptBuildPhase;
			buildActionMask = 2147483647;
			files = (
			);
			inputFileListPaths = (
			);
			inputPaths = (
				"${PODS_PODFILE_DIR_PATH}/Podfile.lock",
				"${PODS_ROOT}/Manifest.lock",
			);
			name = "[CP] Check Pods Manifest.lock";
			outputFileListPaths = (
			);
			outputPaths = (
				"$(DERIVED_FILE_DIR)/Pods-CharacterTest-checkManifestLockResult.txt",
			);
			runOnlyForDeploymentPostprocessing = 0;
			shellPath = /bin/sh;
			shellScript = "diff \"${PODS_PODFILE_DIR_PATH}/Podfile.lock\" \"${PODS_ROOT}/Manifest.lock\" > /dev/null\nif [ $? != 0 ] ; then\n    # print error to STDERR\n    echo \"error: The sandbox is not in sync with the Podfile.lock. Run 'pod install' or update your CocoaPods installation.\" >&2\n    exit 1\nfi\n# This output is used by Xcode 'outputs' to avoid re-running this script phase.\necho \"SUCCESS\" > \"${SCRIPT_OUTPUT_FILE_0}\"\n";
			showEnvVarsInLog = 0;
		};
/* End PBXShellScriptBuildPhase section */

/* Begin PBXSourcesBuildPhase section */
		9FE7726F28046B6C0022FE89 /* Sources */ = {
			isa = PBXSourcesBuildPhase;
			buildActionMask = 2147483647;
			files = (
				9FE772952805A7280022FE89 /* CelebrityProfileViewController.swift in Sources */,
				9FAA61BB280A246B00CFA2A4 /* ImitatedResponse.swift in Sources */,
				9FE7729328055D140022FE89 /* TodoViewController.swift in Sources */,
				9FE7728B28046D5D0022FE89 /* CharacterViewController.swift in Sources */,
				9FAA61A82809E75F00CFA2A4 /* SignUpService.swift in Sources */,
				9FE7727B28046B6C0022FE89 /* HomeViewController.swift in Sources */,
				9FAA61AF280A184400CFA2A4 /* CelebrityService.swift in Sources */,
				9F21879C280EED5300995C5D /* Observable2.swift in Sources */,
				9FE772972805A7400022FE89 /* CelebrityRoutinViewController.swift in Sources */,
				9FAA61B7280A221400CFA2A4 /* ImitateCelebrityResponse.swift in Sources */,
				9F21879E280EFDAA00995C5D /* UIString.swift in Sources */,
				9FAA61B1280A1A5300CFA2A4 /* ShowCelebrityResponse.swift in Sources */,
				9F2187A0280F046200995C5D /* TodoViewModel.swift in Sources */,
				9F2187A4280F1B3E00995C5D /* ImitatedModifyResponse.swift in Sources */,
				9FAA61A52809C4FC00CFA2A4 /* AlertView.swift in Sources */,
				9FE7727728046B6C0022FE89 /* AppDelegate.swift in Sources */,
				9FAA61AD2809EEFC00CFA2A4 /* Constant.swift in Sources */,
				9FAA61B3280A1F3100CFA2A4 /* ShowCelebrityListResponse.swift in Sources */,
				9FAA61AA2809E89C00CFA2A4 /* SignUpResponse.swift in Sources */,
				9F21879A280EECF500995C5D /* CharacterViewModel.swift in Sources */,
				9FE7727928046B6C0022FE89 /* SceneDelegate.swift in Sources */,
				9F2187A2280F119A00995C5D /* ImitatedModifyRequest.swift in Sources */,
				9FAA61B9280A244300CFA2A4 /* ImitatedService.swift in Sources */,
			);
			runOnlyForDeploymentPostprocessing = 0;
		};
/* End PBXSourcesBuildPhase section */

/* Begin PBXVariantGroup section */
		9FE7728128046B6D0022FE89 /* LaunchScreen.storyboard */ = {
			isa = PBXVariantGroup;
			children = (
				9FE7728228046B6D0022FE89 /* Base */,
			);
			name = LaunchScreen.storyboard;
			sourceTree = "<group>";
		};
/* End PBXVariantGroup section */

/* Begin XCBuildConfiguration section */
		9FE7728528046B6D0022FE89 /* Debug */ = {
			isa = XCBuildConfiguration;
			buildSettings = {
				ALWAYS_SEARCH_USER_PATHS = NO;
				CLANG_ANALYZER_NONNULL = YES;
				CLANG_ANALYZER_NUMBER_OBJECT_CONVERSION = YES_AGGRESSIVE;
				CLANG_CXX_LANGUAGE_STANDARD = "gnu++17";
				CLANG_CXX_LIBRARY = "libc++";
				CLANG_ENABLE_MODULES = YES;
				CLANG_ENABLE_OBJC_ARC = YES;
				CLANG_ENABLE_OBJC_WEAK = YES;
				CLANG_WARN_BLOCK_CAPTURE_AUTORELEASING = YES;
				CLANG_WARN_BOOL_CONVERSION = YES;
				CLANG_WARN_COMMA = YES;
				CLANG_WARN_CONSTANT_CONVERSION = YES;
				CLANG_WARN_DEPRECATED_OBJC_IMPLEMENTATIONS = YES;
				CLANG_WARN_DIRECT_OBJC_ISA_USAGE = YES_ERROR;
				CLANG_WARN_DOCUMENTATION_COMMENTS = YES;
				CLANG_WARN_EMPTY_BODY = YES;
				CLANG_WARN_ENUM_CONVERSION = YES;
				CLANG_WARN_INFINITE_RECURSION = YES;
				CLANG_WARN_INT_CONVERSION = YES;
				CLANG_WARN_NON_LITERAL_NULL_CONVERSION = YES;
				CLANG_WARN_OBJC_IMPLICIT_RETAIN_SELF = YES;
				CLANG_WARN_OBJC_LITERAL_CONVERSION = YES;
				CLANG_WARN_OBJC_ROOT_CLASS = YES_ERROR;
				CLANG_WARN_QUOTED_INCLUDE_IN_FRAMEWORK_HEADER = YES;
				CLANG_WARN_RANGE_LOOP_ANALYSIS = YES;
				CLANG_WARN_STRICT_PROTOTYPES = YES;
				CLANG_WARN_SUSPICIOUS_MOVE = YES;
				CLANG_WARN_UNGUARDED_AVAILABILITY = YES_AGGRESSIVE;
				CLANG_WARN_UNREACHABLE_CODE = YES;
				CLANG_WARN__DUPLICATE_METHOD_MATCH = YES;
				COPY_PHASE_STRIP = NO;
				DEBUG_INFORMATION_FORMAT = dwarf;
				ENABLE_STRICT_OBJC_MSGSEND = YES;
				ENABLE_TESTABILITY = YES;
				GCC_C_LANGUAGE_STANDARD = gnu11;
				GCC_DYNAMIC_NO_PIC = NO;
				GCC_NO_COMMON_BLOCKS = YES;
				GCC_OPTIMIZATION_LEVEL = 0;
				GCC_PREPROCESSOR_DEFINITIONS = (
					"DEBUG=1",
					"$(inherited)",
				);
				GCC_WARN_64_TO_32_BIT_CONVERSION = YES;
				GCC_WARN_ABOUT_RETURN_TYPE = YES_ERROR;
				GCC_WARN_UNDECLARED_SELECTOR = YES;
				GCC_WARN_UNINITIALIZED_AUTOS = YES_AGGRESSIVE;
				GCC_WARN_UNUSED_FUNCTION = YES;
				GCC_WARN_UNUSED_VARIABLE = YES;
				IPHONEOS_DEPLOYMENT_TARGET = 15.2;
				MTL_ENABLE_DEBUG_INFO = INCLUDE_SOURCE;
				MTL_FAST_MATH = YES;
				ONLY_ACTIVE_ARCH = YES;
				SDKROOT = iphoneos;
				SWIFT_ACTIVE_COMPILATION_CONDITIONS = DEBUG;
				SWIFT_OPTIMIZATION_LEVEL = "-Onone";
			};
			name = Debug;
		};
		9FE7728628046B6D0022FE89 /* Release */ = {
			isa = XCBuildConfiguration;
			buildSettings = {
				ALWAYS_SEARCH_USER_PATHS = NO;
				CLANG_ANALYZER_NONNULL = YES;
				CLANG_ANALYZER_NUMBER_OBJECT_CONVERSION = YES_AGGRESSIVE;
				CLANG_CXX_LANGUAGE_STANDARD = "gnu++17";
				CLANG_CXX_LIBRARY = "libc++";
				CLANG_ENABLE_MODULES = YES;
				CLANG_ENABLE_OBJC_ARC = YES;
				CLANG_ENABLE_OBJC_WEAK = YES;
				CLANG_WARN_BLOCK_CAPTURE_AUTORELEASING = YES;
				CLANG_WARN_BOOL_CONVERSION = YES;
				CLANG_WARN_COMMA = YES;
				CLANG_WARN_CONSTANT_CONVERSION = YES;
				CLANG_WARN_DEPRECATED_OBJC_IMPLEMENTATIONS = YES;
				CLANG_WARN_DIRECT_OBJC_ISA_USAGE = YES_ERROR;
				CLANG_WARN_DOCUMENTATION_COMMENTS = YES;
				CLANG_WARN_EMPTY_BODY = YES;
				CLANG_WARN_ENUM_CONVERSION = YES;
				CLANG_WARN_INFINITE_RECURSION = YES;
				CLANG_WARN_INT_CONVERSION = YES;
				CLANG_WARN_NON_LITERAL_NULL_CONVERSION = YES;
				CLANG_WARN_OBJC_IMPLICIT_RETAIN_SELF = YES;
				CLANG_WARN_OBJC_LITERAL_CONVERSION = YES;
				CLANG_WARN_OBJC_ROOT_CLASS = YES_ERROR;
				CLANG_WARN_QUOTED_INCLUDE_IN_FRAMEWORK_HEADER = YES;
				CLANG_WARN_RANGE_LOOP_ANALYSIS = YES;
				CLANG_WARN_STRICT_PROTOTYPES = YES;
				CLANG_WARN_SUSPICIOUS_MOVE = YES;
				CLANG_WARN_UNGUARDED_AVAILABILITY = YES_AGGRESSIVE;
				CLANG_WARN_UNREACHABLE_CODE = YES;
				CLANG_WARN__DUPLICATE_METHOD_MATCH = YES;
				COPY_PHASE_STRIP = NO;
				DEBUG_INFORMATION_FORMAT = "dwarf-with-dsym";
				ENABLE_NS_ASSERTIONS = NO;
				ENABLE_STRICT_OBJC_MSGSEND = YES;
				GCC_C_LANGUAGE_STANDARD = gnu11;
				GCC_NO_COMMON_BLOCKS = YES;
				GCC_WARN_64_TO_32_BIT_CONVERSION = YES;
				GCC_WARN_ABOUT_RETURN_TYPE = YES_ERROR;
				GCC_WARN_UNDECLARED_SELECTOR = YES;
				GCC_WARN_UNINITIALIZED_AUTOS = YES_AGGRESSIVE;
				GCC_WARN_UNUSED_FUNCTION = YES;
				GCC_WARN_UNUSED_VARIABLE = YES;
				IPHONEOS_DEPLOYMENT_TARGET = 15.2;
				MTL_ENABLE_DEBUG_INFO = NO;
				MTL_FAST_MATH = YES;
				SDKROOT = iphoneos;
				SWIFT_COMPILATION_MODE = wholemodule;
				SWIFT_OPTIMIZATION_LEVEL = "-O";
				VALIDATE_PRODUCT = YES;
			};
			name = Release;
		};
		9FE7728828046B6D0022FE89 /* Debug */ = {
			isa = XCBuildConfiguration;
			baseConfigurationReference = 5432D086AFE3E16B004C9893 /* Pods-CharacterTest.debug.xcconfig */;
			buildSettings = {
				ASSETCATALOG_COMPILER_APPICON_NAME = AppIcon;
				ASSETCATALOG_COMPILER_GLOBAL_ACCENT_COLOR_NAME = AccentColor;
				CODE_SIGN_STYLE = Automatic;
				CURRENT_PROJECT_VERSION = 1;
				DEVELOPMENT_TEAM = 8K8VT9C65D;
				GENERATE_INFOPLIST_FILE = YES;
				INFOPLIST_FILE = CharacterTest/Info.plist;
				INFOPLIST_KEY_UIApplicationSupportsIndirectInputEvents = YES;
				INFOPLIST_KEY_UILaunchStoryboardName = LaunchScreen;
				INFOPLIST_KEY_UISupportedInterfaceOrientations_iPad = "UIInterfaceOrientationPortrait UIInterfaceOrientationPortraitUpsideDown UIInterfaceOrientationLandscapeLeft UIInterfaceOrientationLandscapeRight";
				INFOPLIST_KEY_UISupportedInterfaceOrientations_iPhone = "UIInterfaceOrientationPortrait UIInterfaceOrientationLandscapeLeft UIInterfaceOrientationLandscapeRight";
				LD_RUNPATH_SEARCH_PATHS = (
					"$(inherited)",
					"@executable_path/Frameworks",
				);
				MARKETING_VERSION = 1.0;
				PRODUCT_BUNDLE_IDENTIFIER = com.hayeon.ios.CharacterTest;
				PRODUCT_NAME = "$(TARGET_NAME)";
				SWIFT_EMIT_LOC_STRINGS = YES;
				SWIFT_VERSION = 5.0;
				TARGETED_DEVICE_FAMILY = "1,2";
			};
			name = Debug;
		};
		9FE7728928046B6D0022FE89 /* Release */ = {
			isa = XCBuildConfiguration;
			baseConfigurationReference = 93ABE0981D3FE712BD8FAABC /* Pods-CharacterTest.release.xcconfig */;
			buildSettings = {
				ASSETCATALOG_COMPILER_APPICON_NAME = AppIcon;
				ASSETCATALOG_COMPILER_GLOBAL_ACCENT_COLOR_NAME = AccentColor;
				CODE_SIGN_STYLE = Automatic;
				CURRENT_PROJECT_VERSION = 1;
				DEVELOPMENT_TEAM = 8K8VT9C65D;
				GENERATE_INFOPLIST_FILE = YES;
				INFOPLIST_FILE = CharacterTest/Info.plist;
				INFOPLIST_KEY_UIApplicationSupportsIndirectInputEvents = YES;
				INFOPLIST_KEY_UILaunchStoryboardName = LaunchScreen;
				INFOPLIST_KEY_UISupportedInterfaceOrientations_iPad = "UIInterfaceOrientationPortrait UIInterfaceOrientationPortraitUpsideDown UIInterfaceOrientationLandscapeLeft UIInterfaceOrientationLandscapeRight";
				INFOPLIST_KEY_UISupportedInterfaceOrientations_iPhone = "UIInterfaceOrientationPortrait UIInterfaceOrientationLandscapeLeft UIInterfaceOrientationLandscapeRight";
				LD_RUNPATH_SEARCH_PATHS = (
					"$(inherited)",
					"@executable_path/Frameworks",
				);
				MARKETING_VERSION = 1.0;
				PRODUCT_BUNDLE_IDENTIFIER = com.hayeon.ios.CharacterTest;
				PRODUCT_NAME = "$(TARGET_NAME)";
				SWIFT_EMIT_LOC_STRINGS = YES;
				SWIFT_VERSION = 5.0;
				TARGETED_DEVICE_FAMILY = "1,2";
			};
			name = Release;
		};
/* End XCBuildConfiguration section */

/* Begin XCConfigurationList section */
		9FE7726E28046B6C0022FE89 /* Build configuration list for PBXProject "CharacterTest" */ = {
			isa = XCConfigurationList;
			buildConfigurations = (
				9FE7728528046B6D0022FE89 /* Debug */,
				9FE7728628046B6D0022FE89 /* Release */,
			);
			defaultConfigurationIsVisible = 0;
			defaultConfigurationName = Release;
		};
		9FE7728728046B6D0022FE89 /* Build configuration list for PBXNativeTarget "CharacterTest" */ = {
			isa = XCConfigurationList;
			buildConfigurations = (
				9FE7728828046B6D0022FE89 /* Debug */,
				9FE7728928046B6D0022FE89 /* Release */,
			);
			defaultConfigurationIsVisible = 0;
			defaultConfigurationName = Release;
		};
/* End XCConfigurationList section */
	};
	rootObject = 9FE7726B28046B6C0022FE89 /* Project object */;
}
