// !$*UTF8*$!
{
	archiveVersion = 1;
	classes = {
	};
	objectVersion = 55;
	objects = {

/* Begin PBXBuildFile section */
		8460589F28A1F7AA007EE2B3 /* AppDelegate.swift in Sources */ = {isa = PBXBuildFile; fileRef = 8460589E28A1F7AA007EE2B3 /* AppDelegate.swift */; };
		846058A128A1F7AA007EE2B3 /* SceneDelegate.swift in Sources */ = {isa = PBXBuildFile; fileRef = 846058A028A1F7AA007EE2B3 /* SceneDelegate.swift */; };
		846058A328A1F7AA007EE2B3 /* ViewController.swift in Sources */ = {isa = PBXBuildFile; fileRef = 846058A228A1F7AA007EE2B3 /* ViewController.swift */; };
		846058A628A1F7AA007EE2B3 /* Main.storyboard in Resources */ = {isa = PBXBuildFile; fileRef = 846058A428A1F7AA007EE2B3 /* Main.storyboard */; };
		846058A828A1F7AD007EE2B3 /* Assets.xcassets in Resources */ = {isa = PBXBuildFile; fileRef = 846058A728A1F7AD007EE2B3 /* Assets.xcassets */; };
		846058AB28A1F7AD007EE2B3 /* LaunchScreen.storyboard in Resources */ = {isa = PBXBuildFile; fileRef = 846058A928A1F7AD007EE2B3 /* LaunchScreen.storyboard */; };
		846058B628A1F7AD007EE2B3 /* CustomPopUpTests.swift in Sources */ = {isa = PBXBuildFile; fileRef = 846058B528A1F7AD007EE2B3 /* CustomPopUpTests.swift */; };
		846058C028A1F7AD007EE2B3 /* CustomPopUpUITests.swift in Sources */ = {isa = PBXBuildFile; fileRef = 846058BF28A1F7AD007EE2B3 /* CustomPopUpUITests.swift */; };
		846058C228A1F7AD007EE2B3 /* CustomPopUpUITestsLaunchTests.swift in Sources */ = {isa = PBXBuildFile; fileRef = 846058C128A1F7AD007EE2B3 /* CustomPopUpUITestsLaunchTests.swift */; };
/* End PBXBuildFile section */

/* Begin PBXContainerItemProxy section */
		846058B228A1F7AD007EE2B3 /* PBXContainerItemProxy */ = {
			isa = PBXContainerItemProxy;
			containerPortal = 8460589328A1F7AA007EE2B3 /* Project object */;
			proxyType = 1;
			remoteGlobalIDString = 8460589A28A1F7AA007EE2B3;
			remoteInfo = CustomPopUp;
		};
		846058BC28A1F7AD007EE2B3 /* PBXContainerItemProxy */ = {
			isa = PBXContainerItemProxy;
			containerPortal = 8460589328A1F7AA007EE2B3 /* Project object */;
			proxyType = 1;
			remoteGlobalIDString = 8460589A28A1F7AA007EE2B3;
			remoteInfo = CustomPopUp;
		};
/* End PBXContainerItemProxy section */

/* Begin PBXFileReference section */
		8460589B28A1F7AA007EE2B3 /* CustomPopUp.app */ = {isa = PBXFileReference; explicitFileType = wrapper.application; includeInIndex = 0; path = CustomPopUp.app; sourceTree = BUILT_PRODUCTS_DIR; };
		8460589E28A1F7AA007EE2B3 /* AppDelegate.swift */ = {isa = PBXFileReference; lastKnownFileType = sourcecode.swift; path = AppDelegate.swift; sourceTree = "<group>"; };
		846058A028A1F7AA007EE2B3 /* SceneDelegate.swift */ = {isa = PBXFileReference; lastKnownFileType = sourcecode.swift; path = SceneDelegate.swift; sourceTree = "<group>"; };
		846058A228A1F7AA007EE2B3 /* ViewController.swift */ = {isa = PBXFileReference; lastKnownFileType = sourcecode.swift; path = ViewController.swift; sourceTree = "<group>"; };
		846058A528A1F7AA007EE2B3 /* Base */ = {isa = PBXFileReference; lastKnownFileType = file.storyboard; name = Base; path = Base.lproj/Main.storyboard; sourceTree = "<group>"; };
		846058A728A1F7AD007EE2B3 /* Assets.xcassets */ = {isa = PBXFileReference; lastKnownFileType = folder.assetcatalog; path = Assets.xcassets; sourceTree = "<group>"; };
		846058AA28A1F7AD007EE2B3 /* Base */ = {isa = PBXFileReference; lastKnownFileType = file.storyboard; name = Base; path = Base.lproj/LaunchScreen.storyboard; sourceTree = "<group>"; };
		846058AC28A1F7AD007EE2B3 /* Info.plist */ = {isa = PBXFileReference; lastKnownFileType = text.plist.xml; path = Info.plist; sourceTree = "<group>"; };
		846058B128A1F7AD007EE2B3 /* CustomPopUpTests.xctest */ = {isa = PBXFileReference; explicitFileType = wrapper.cfbundle; includeInIndex = 0; path = CustomPopUpTests.xctest; sourceTree = BUILT_PRODUCTS_DIR; };
		846058B528A1F7AD007EE2B3 /* CustomPopUpTests.swift */ = {isa = PBXFileReference; lastKnownFileType = sourcecode.swift; path = CustomPopUpTests.swift; sourceTree = "<group>"; };
		846058BB28A1F7AD007EE2B3 /* CustomPopUpUITests.xctest */ = {isa = PBXFileReference; explicitFileType = wrapper.cfbundle; includeInIndex = 0; path = CustomPopUpUITests.xctest; sourceTree = BUILT_PRODUCTS_DIR; };
		846058BF28A1F7AD007EE2B3 /* CustomPopUpUITests.swift */ = {isa = PBXFileReference; lastKnownFileType = sourcecode.swift; path = CustomPopUpUITests.swift; sourceTree = "<group>"; };
		846058C128A1F7AD007EE2B3 /* CustomPopUpUITestsLaunchTests.swift */ = {isa = PBXFileReference; lastKnownFileType = sourcecode.swift; path = CustomPopUpUITestsLaunchTests.swift; sourceTree = "<group>"; };
/* End PBXFileReference section */

/* Begin PBXFrameworksBuildPhase section */
		8460589828A1F7AA007EE2B3 /* Frameworks */ = {
			isa = PBXFrameworksBuildPhase;
			buildActionMask = 2147483647;
			files = (
			);
			runOnlyForDeploymentPostprocessing = 0;
		};
		846058AE28A1F7AD007EE2B3 /* Frameworks */ = {
			isa = PBXFrameworksBuildPhase;
			buildActionMask = 2147483647;
			files = (
			);
			runOnlyForDeploymentPostprocessing = 0;
		};
		846058B828A1F7AD007EE2B3 /* Frameworks */ = {
			isa = PBXFrameworksBuildPhase;
			buildActionMask = 2147483647;
			files = (
			);
			runOnlyForDeploymentPostprocessing = 0;
		};
/* End PBXFrameworksBuildPhase section */

/* Begin PBXGroup section */
		8460589228A1F7AA007EE2B3 = {
			isa = PBXGroup;
			children = (
				8460589D28A1F7AA007EE2B3 /* CustomPopUp */,
				846058B428A1F7AD007EE2B3 /* CustomPopUpTests */,
				846058BE28A1F7AD007EE2B3 /* CustomPopUpUITests */,
				8460589C28A1F7AA007EE2B3 /* Products */,
			);
			sourceTree = "<group>";
		};
		8460589C28A1F7AA007EE2B3 /* Products */ = {
			isa = PBXGroup;
			children = (
				8460589B28A1F7AA007EE2B3 /* CustomPopUp.app */,
				846058B128A1F7AD007EE2B3 /* CustomPopUpTests.xctest */,
				846058BB28A1F7AD007EE2B3 /* CustomPopUpUITests.xctest */,
			);
			name = Products;
			sourceTree = "<group>";
		};
		8460589D28A1F7AA007EE2B3 /* CustomPopUp */ = {
			isa = PBXGroup;
			children = (
				8460589E28A1F7AA007EE2B3 /* AppDelegate.swift */,
				846058A028A1F7AA007EE2B3 /* SceneDelegate.swift */,
				846058A228A1F7AA007EE2B3 /* ViewController.swift */,
				846058A428A1F7AA007EE2B3 /* Main.storyboard */,
				846058A728A1F7AD007EE2B3 /* Assets.xcassets */,
				846058A928A1F7AD007EE2B3 /* LaunchScreen.storyboard */,
				846058AC28A1F7AD007EE2B3 /* Info.plist */,
			);
			path = CustomPopUp;
			sourceTree = "<group>";
		};
		846058B428A1F7AD007EE2B3 /* CustomPopUpTests */ = {
			isa = PBXGroup;
			children = (
				846058B528A1F7AD007EE2B3 /* CustomPopUpTests.swift */,
			);
			path = CustomPopUpTests;
			sourceTree = "<group>";
		};
		846058BE28A1F7AD007EE2B3 /* CustomPopUpUITests */ = {
			isa = PBXGroup;
			children = (
				846058BF28A1F7AD007EE2B3 /* CustomPopUpUITests.swift */,
				846058C128A1F7AD007EE2B3 /* CustomPopUpUITestsLaunchTests.swift */,
			);
			path = CustomPopUpUITests;
			sourceTree = "<group>";
		};
/* End PBXGroup section */

/* Begin PBXNativeTarget section */
		8460589A28A1F7AA007EE2B3 /* CustomPopUp */ = {
			isa = PBXNativeTarget;
			buildConfigurationList = 846058C528A1F7AD007EE2B3 /* Build configuration list for PBXNativeTarget "CustomPopUp" */;
			buildPhases = (
				8460589728A1F7AA007EE2B3 /* Sources */,
				8460589828A1F7AA007EE2B3 /* Frameworks */,
				8460589928A1F7AA007EE2B3 /* Resources */,
			);
			buildRules = (
			);
			dependencies = (
			);
			name = CustomPopUp;
			productName = CustomPopUp;
			productReference = 8460589B28A1F7AA007EE2B3 /* CustomPopUp.app */;
			productType = "com.apple.product-type.application";
		};
		846058B028A1F7AD007EE2B3 /* CustomPopUpTests */ = {
			isa = PBXNativeTarget;
			buildConfigurationList = 846058C828A1F7AD007EE2B3 /* Build configuration list for PBXNativeTarget "CustomPopUpTests" */;
			buildPhases = (
				846058AD28A1F7AD007EE2B3 /* Sources */,
				846058AE28A1F7AD007EE2B3 /* Frameworks */,
				846058AF28A1F7AD007EE2B3 /* Resources */,
			);
			buildRules = (
			);
			dependencies = (
				846058B328A1F7AD007EE2B3 /* PBXTargetDependency */,
			);
			name = CustomPopUpTests;
			productName = CustomPopUpTests;
			productReference = 846058B128A1F7AD007EE2B3 /* CustomPopUpTests.xctest */;
			productType = "com.apple.product-type.bundle.unit-test";
		};
		846058BA28A1F7AD007EE2B3 /* CustomPopUpUITests */ = {
			isa = PBXNativeTarget;
			buildConfigurationList = 846058CB28A1F7AD007EE2B3 /* Build configuration list for PBXNativeTarget "CustomPopUpUITests" */;
			buildPhases = (
				846058B728A1F7AD007EE2B3 /* Sources */,
				846058B828A1F7AD007EE2B3 /* Frameworks */,
				846058B928A1F7AD007EE2B3 /* Resources */,
			);
			buildRules = (
			);
			dependencies = (
				846058BD28A1F7AD007EE2B3 /* PBXTargetDependency */,
			);
			name = CustomPopUpUITests;
			productName = CustomPopUpUITests;
			productReference = 846058BB28A1F7AD007EE2B3 /* CustomPopUpUITests.xctest */;
			productType = "com.apple.product-type.bundle.ui-testing";
		};
/* End PBXNativeTarget section */

/* Begin PBXProject section */
		8460589328A1F7AA007EE2B3 /* Project object */ = {
			isa = PBXProject;
			attributes = {
				BuildIndependentTargetsInParallel = 1;
				LastSwiftUpdateCheck = 1340;
				LastUpgradeCheck = 1340;
				TargetAttributes = {
					8460589A28A1F7AA007EE2B3 = {
						CreatedOnToolsVersion = 13.4.1;
					};
					846058B028A1F7AD007EE2B3 = {
						CreatedOnToolsVersion = 13.4.1;
						TestTargetID = 8460589A28A1F7AA007EE2B3;
					};
					846058BA28A1F7AD007EE2B3 = {
						CreatedOnToolsVersion = 13.4.1;
						TestTargetID = 8460589A28A1F7AA007EE2B3;
					};
				};
			};
			buildConfigurationList = 8460589628A1F7AA007EE2B3 /* Build configuration list for PBXProject "CustomPopUp" */;
			compatibilityVersion = "Xcode 13.0";
			developmentRegion = en;
			hasScannedForEncodings = 0;
			knownRegions = (
				en,
				Base,
			);
			mainGroup = 8460589228A1F7AA007EE2B3;
			productRefGroup = 8460589C28A1F7AA007EE2B3 /* Products */;
			projectDirPath = "";
			projectRoot = "";
			targets = (
				8460589A28A1F7AA007EE2B3 /* CustomPopUp */,
				846058B028A1F7AD007EE2B3 /* CustomPopUpTests */,
				846058BA28A1F7AD007EE2B3 /* CustomPopUpUITests */,
			);
		};
/* End PBXProject section */

/* Begin PBXResourcesBuildPhase section */
		8460589928A1F7AA007EE2B3 /* Resources */ = {
			isa = PBXResourcesBuildPhase;
			buildActionMask = 2147483647;
			files = (
				846058AB28A1F7AD007EE2B3 /* LaunchScreen.storyboard in Resources */,
				846058A828A1F7AD007EE2B3 /* Assets.xcassets in Resources */,
				846058A628A1F7AA007EE2B3 /* Main.storyboard in Resources */,
			);
			runOnlyForDeploymentPostprocessing = 0;
		};
		846058AF28A1F7AD007EE2B3 /* Resources */ = {
			isa = PBXResourcesBuildPhase;
			buildActionMask = 2147483647;
			files = (
			);
			runOnlyForDeploymentPostprocessing = 0;
		};
		846058B928A1F7AD007EE2B3 /* Resources */ = {
			isa = PBXResourcesBuildPhase;
			buildActionMask = 2147483647;
			files = (
			);
			runOnlyForDeploymentPostprocessing = 0;
		};
/* End PBXResourcesBuildPhase section */

/* Begin PBXSourcesBuildPhase section */
		8460589728A1F7AA007EE2B3 /* Sources */ = {
			isa = PBXSourcesBuildPhase;
			buildActionMask = 2147483647;
			files = (
				846058A328A1F7AA007EE2B3 /* ViewController.swift in Sources */,
				8460589F28A1F7AA007EE2B3 /* AppDelegate.swift in Sources */,
				846058A128A1F7AA007EE2B3 /* SceneDelegate.swift in Sources */,
			);
			runOnlyForDeploymentPostprocessing = 0;
		};
		846058AD28A1F7AD007EE2B3 /* Sources */ = {
			isa = PBXSourcesBuildPhase;
			buildActionMask = 2147483647;
			files = (
				846058B628A1F7AD007EE2B3 /* CustomPopUpTests.swift in Sources */,
			);
			runOnlyForDeploymentPostprocessing = 0;
		};
		846058B728A1F7AD007EE2B3 /* Sources */ = {
			isa = PBXSourcesBuildPhase;
			buildActionMask = 2147483647;
			files = (
				846058C228A1F7AD007EE2B3 /* CustomPopUpUITestsLaunchTests.swift in Sources */,
				846058C028A1F7AD007EE2B3 /* CustomPopUpUITests.swift in Sources */,
			);
			runOnlyForDeploymentPostprocessing = 0;
		};
/* End PBXSourcesBuildPhase section */

/* Begin PBXTargetDependency section */
		846058B328A1F7AD007EE2B3 /* PBXTargetDependency */ = {
			isa = PBXTargetDependency;
			target = 8460589A28A1F7AA007EE2B3 /* CustomPopUp */;
			targetProxy = 846058B228A1F7AD007EE2B3 /* PBXContainerItemProxy */;
		};
		846058BD28A1F7AD007EE2B3 /* PBXTargetDependency */ = {
			isa = PBXTargetDependency;
			target = 8460589A28A1F7AA007EE2B3 /* CustomPopUp */;
			targetProxy = 846058BC28A1F7AD007EE2B3 /* PBXContainerItemProxy */;
		};
/* End PBXTargetDependency section */

/* Begin PBXVariantGroup section */
		846058A428A1F7AA007EE2B3 /* Main.storyboard */ = {
			isa = PBXVariantGroup;
			children = (
				846058A528A1F7AA007EE2B3 /* Base */,
			);
			name = Main.storyboard;
			sourceTree = "<group>";
		};
		846058A928A1F7AD007EE2B3 /* LaunchScreen.storyboard */ = {
			isa = PBXVariantGroup;
			children = (
				846058AA28A1F7AD007EE2B3 /* Base */,
			);
			name = LaunchScreen.storyboard;
			sourceTree = "<group>";
		};
/* End PBXVariantGroup section */

/* Begin XCBuildConfiguration section */
		846058C328A1F7AD007EE2B3 /* Debug */ = {
			isa = XCBuildConfiguration;
			buildSettings = {
				ALWAYS_SEARCH_USER_PATHS = NO;
				CLANG_ANALYZER_NONNULL = YES;
				CLANG_ANALYZER_NUMBER_OBJECT_CONVERSION = YES_AGGRESSIVE;
				CLANG_CXX_LANGUAGE_STANDARD = "gnu++17";
				CLANG_ENABLE_MODULES = YES;
				CLANG_ENABLE_OBJC_ARC = YES;
				CLANG_ENABLE_OBJC_WEAK = YES;
				CLANG_WARN_BLOCK_CAPTURE_AUTORELEASING = YES;
				CLANG_WARN_BOOL_CONVERSION = YES;
				CLANG_WARN_COMMA = YES;
				CLANG_WARN_CONSTANT_CONVERSION = YES;
				CLANG_WARN_DEPRECATED_OBJC_IMPLEMENTATIONS = YES;
				CLANG_WARN_DIRECT_OBJC_ISA_USAGE = YES_ERROR;
				CLANG_WARN_DOCUMENTATION_COMMENTS = YES;
				CLANG_WARN_EMPTY_BODY = YES;
				CLANG_WARN_ENUM_CONVERSION = YES;
				CLANG_WARN_INFINITE_RECURSION = YES;
				CLANG_WARN_INT_CONVERSION = YES;
				CLANG_WARN_NON_LITERAL_NULL_CONVERSION = YES;
				CLANG_WARN_OBJC_IMPLICIT_RETAIN_SELF = YES;
				CLANG_WARN_OBJC_LITERAL_CONVERSION = YES;
				CLANG_WARN_OBJC_ROOT_CLASS = YES_ERROR;
				CLANG_WARN_QUOTED_INCLUDE_IN_FRAMEWORK_HEADER = YES;
				CLANG_WARN_RANGE_LOOP_ANALYSIS = YES;
				CLANG_WARN_STRICT_PROTOTYPES = YES;
				CLANG_WARN_SUSPICIOUS_MOVE = YES;
				CLANG_WARN_UNGUARDED_AVAILABILITY = YES_AGGRESSIVE;
				CLANG_WARN_UNREACHABLE_CODE = YES;
				CLANG_WARN__DUPLICATE_METHOD_MATCH = YES;
				COPY_PHASE_STRIP = NO;
				DEBUG_INFORMATION_FORMAT = dwarf;
				ENABLE_STRICT_OBJC_MSGSEND = YES;
				ENABLE_TESTABILITY = YES;
				GCC_C_LANGUAGE_STANDARD = gnu11;
				GCC_DYNAMIC_NO_PIC = NO;
				GCC_NO_COMMON_BLOCKS = YES;
				GCC_OPTIMIZATION_LEVEL = 0;
				GCC_PREPROCESSOR_DEFINITIONS = (
					"DEBUG=1",
					"$(inherited)",
				);
				GCC_WARN_64_TO_32_BIT_CONVERSION = YES;
				GCC_WARN_ABOUT_RETURN_TYPE = YES_ERROR;
				GCC_WARN_UNDECLARED_SELECTOR = YES;
				GCC_WARN_UNINITIALIZED_AUTOS = YES_AGGRESSIVE;
				GCC_WARN_UNUSED_FUNCTION = YES;
				GCC_WARN_UNUSED_VARIABLE = YES;
				IPHONEOS_DEPLOYMENT_TARGET = 15.5;
				MTL_ENABLE_DEBUG_INFO = INCLUDE_SOURCE;
				MTL_FAST_MATH = YES;
				ONLY_ACTIVE_ARCH = YES;
				SDKROOT = iphoneos;
				SWIFT_ACTIVE_COMPILATION_CONDITIONS = DEBUG;
				SWIFT_OPTIMIZATION_LEVEL = "-Onone";
			};
			name = Debug;
		};
		846058C428A1F7AD007EE2B3 /* Release */ = {
			isa = XCBuildConfiguration;
			buildSettings = {
				ALWAYS_SEARCH_USER_PATHS = NO;
				CLANG_ANALYZER_NONNULL = YES;
				CLANG_ANALYZER_NUMBER_OBJECT_CONVERSION = YES_AGGRESSIVE;
				CLANG_CXX_LANGUAGE_STANDARD = "gnu++17";
				CLANG_ENABLE_MODULES = YES;
				CLANG_ENABLE_OBJC_ARC = YES;
				CLANG_ENABLE_OBJC_WEAK = YES;
				CLANG_WARN_BLOCK_CAPTURE_AUTORELEASING = YES;
				CLANG_WARN_BOOL_CONVERSION = YES;
				CLANG_WARN_COMMA = YES;
				CLANG_WARN_CONSTANT_CONVERSION = YES;
				CLANG_WARN_DEPRECATED_OBJC_IMPLEMENTATIONS = YES;
				CLANG_WARN_DIRECT_OBJC_ISA_USAGE = YES_ERROR;
				CLANG_WARN_DOCUMENTATION_COMMENTS = YES;
				CLANG_WARN_EMPTY_BODY = YES;
				CLANG_WARN_ENUM_CONVERSION = YES;
				CLANG_WARN_INFINITE_RECURSION = YES;
				CLANG_WARN_INT_CONVERSION = YES;
				CLANG_WARN_NON_LITERAL_NULL_CONVERSION = YES;
				CLANG_WARN_OBJC_IMPLICIT_RETAIN_SELF = YES;
				CLANG_WARN_OBJC_LITERAL_CONVERSION = YES;
				CLANG_WARN_OBJC_ROOT_CLASS = YES_ERROR;
				CLANG_WARN_QUOTED_INCLUDE_IN_FRAMEWORK_HEADER = YES;
				CLANG_WARN_RANGE_LOOP_ANALYSIS = YES;
				CLANG_WARN_STRICT_PROTOTYPES = YES;
				CLANG_WARN_SUSPICIOUS_MOVE = YES;
				CLANG_WARN_UNGUARDED_AVAILABILITY = YES_AGGRESSIVE;
				CLANG_WARN_UNREACHABLE_CODE = YES;
				CLANG_WARN__DUPLICATE_METHOD_MATCH = YES;
				COPY_PHASE_STRIP = NO;
				DEBUG_INFORMATION_FORMAT = "dwarf-with-dsym";
				ENABLE_NS_ASSERTIONS = NO;
				ENABLE_STRICT_OBJC_MSGSEND = YES;
				GCC_C_LANGUAGE_STANDARD = gnu11;
				GCC_NO_COMMON_BLOCKS = YES;
				GCC_WARN_64_TO_32_BIT_CONVERSION = YES;
				GCC_WARN_ABOUT_RETURN_TYPE = YES_ERROR;
				GCC_WARN_UNDECLARED_SELECTOR = YES;
				GCC_WARN_UNINITIALIZED_AUTOS = YES_AGGRESSIVE;
				GCC_WARN_UNUSED_FUNCTION = YES;
				GCC_WARN_UNUSED_VARIABLE = YES;
				IPHONEOS_DEPLOYMENT_TARGET = 15.5;
				MTL_ENABLE_DEBUG_INFO = NO;
				MTL_FAST_MATH = YES;
				SDKROOT = iphoneos;
				SWIFT_COMPILATION_MODE = wholemodule;
				SWIFT_OPTIMIZATION_LEVEL = "-O";
				VALIDATE_PRODUCT = YES;
			};
			name = Release;
		};
		846058C628A1F7AD007EE2B3 /* Debug */ = {
			isa = XCBuildConfiguration;
			buildSettings = {
				ASSETCATALOG_COMPILER_APPICON_NAME = AppIcon;
				ASSETCATALOG_COMPILER_GLOBAL_ACCENT_COLOR_NAME = AccentColor;
				CODE_SIGN_STYLE = Automatic;
				CURRENT_PROJECT_VERSION = 1;
				DEVELOPMENT_TEAM = 8K8VT9C65D;
				GENERATE_INFOPLIST_FILE = YES;
				INFOPLIST_FILE = CustomPopUp/Info.plist;
				INFOPLIST_KEY_UIApplicationSupportsIndirectInputEvents = YES;
				INFOPLIST_KEY_UILaunchStoryboardName = LaunchScreen;
				INFOPLIST_KEY_UIMainStoryboardFile = Main;
				INFOPLIST_KEY_UISupportedInterfaceOrientations_iPad = "UIInterfaceOrientationPortrait UIInterfaceOrientationPortraitUpsideDown UIInterfaceOrientationLandscapeLeft UIInterfaceOrientationLandscapeRight";
				INFOPLIST_KEY_UISupportedInterfaceOrientations_iPhone = "UIInterfaceOrientationPortrait UIInterfaceOrientationLandscapeLeft UIInterfaceOrientationLandscapeRight";
				LD_RUNPATH_SEARCH_PATHS = (
					"$(inherited)",
					"@executable_path/Frameworks",
				);
				MARKETING_VERSION = 1.0;
				PRODUCT_BUNDLE_IDENTIFIER = com.wonderwall.fromm.CustomPopUp;
				PRODUCT_NAME = "$(TARGET_NAME)";
				SWIFT_EMIT_LOC_STRINGS = YES;
				SWIFT_VERSION = 5.0;
				TARGETED_DEVICE_FAMILY = "1,2";
			};
			name = Debug;
		};
		846058C728A1F7AD007EE2B3 /* Release */ = {
			isa = XCBuildConfiguration;
			buildSettings = {
				ASSETCATALOG_COMPILER_APPICON_NAME = AppIcon;
				ASSETCATALOG_COMPILER_GLOBAL_ACCENT_COLOR_NAME = AccentColor;
				CODE_SIGN_STYLE = Automatic;
				CURRENT_PROJECT_VERSION = 1;
				DEVELOPMENT_TEAM = 8K8VT9C65D;
				GENERATE_INFOPLIST_FILE = YES;
				INFOPLIST_FILE = CustomPopUp/Info.plist;
				INFOPLIST_KEY_UIApplicationSupportsIndirectInputEvents = YES;
				INFOPLIST_KEY_UILaunchStoryboardName = LaunchScreen;
				INFOPLIST_KEY_UIMainStoryboardFile = Main;
				INFOPLIST_KEY_UISupportedInterfaceOrientations_iPad = "UIInterfaceOrientationPortrait UIInterfaceOrientationPortraitUpsideDown UIInterfaceOrientationLandscapeLeft UIInterfaceOrientationLandscapeRight";
				INFOPLIST_KEY_UISupportedInterfaceOrientations_iPhone = "UIInterfaceOrientationPortrait UIInterfaceOrientationLandscapeLeft UIInterfaceOrientationLandscapeRight";
				LD_RUNPATH_SEARCH_PATHS = (
					"$(inherited)",
					"@executable_path/Frameworks",
				);
				MARKETING_VERSION = 1.0;
				PRODUCT_BUNDLE_IDENTIFIER = com.wonderwall.fromm.CustomPopUp;
				PRODUCT_NAME = "$(TARGET_NAME)";
				SWIFT_EMIT_LOC_STRINGS = YES;
				SWIFT_VERSION = 5.0;
				TARGETED_DEVICE_FAMILY = "1,2";
			};
			name = Release;
		};
		846058C928A1F7AD007EE2B3 /* Debug */ = {
			isa = XCBuildConfiguration;
			buildSettings = {
				ALWAYS_EMBED_SWIFT_STANDARD_LIBRARIES = YES;
				BUNDLE_LOADER = "$(TEST_HOST)";
				CODE_SIGN_STYLE = Automatic;
				CURRENT_PROJECT_VERSION = 1;
				DEVELOPMENT_TEAM = 8K8VT9C65D;
				GENERATE_INFOPLIST_FILE = YES;
				IPHONEOS_DEPLOYMENT_TARGET = 15.5;
				MARKETING_VERSION = 1.0;
				PRODUCT_BUNDLE_IDENTIFIER = com.wonderwall.fromm.CustomPopUpTests;
				PRODUCT_NAME = "$(TARGET_NAME)";
				SWIFT_EMIT_LOC_STRINGS = NO;
				SWIFT_VERSION = 5.0;
				TARGETED_DEVICE_FAMILY = "1,2";
				TEST_HOST = "$(BUILT_PRODUCTS_DIR)/CustomPopUp.app/CustomPopUp";
			};
			name = Debug;
		};
		846058CA28A1F7AD007EE2B3 /* Release */ = {
			isa = XCBuildConfiguration;
			buildSettings = {
				ALWAYS_EMBED_SWIFT_STANDARD_LIBRARIES = YES;
				BUNDLE_LOADER = "$(TEST_HOST)";
				CODE_SIGN_STYLE = Automatic;
				CURRENT_PROJECT_VERSION = 1;
				DEVELOPMENT_TEAM = 8K8VT9C65D;
				GENERATE_INFOPLIST_FILE = YES;
				IPHONEOS_DEPLOYMENT_TARGET = 15.5;
				MARKETING_VERSION = 1.0;
				PRODUCT_BUNDLE_IDENTIFIER = com.wonderwall.fromm.CustomPopUpTests;
				PRODUCT_NAME = "$(TARGET_NAME)";
				SWIFT_EMIT_LOC_STRINGS = NO;
				SWIFT_VERSION = 5.0;
				TARGETED_DEVICE_FAMILY = "1,2";
				TEST_HOST = "$(BUILT_PRODUCTS_DIR)/CustomPopUp.app/CustomPopUp";
			};
			name = Release;
		};
		846058CC28A1F7AD007EE2B3 /* Debug */ = {
			isa = XCBuildConfiguration;
			buildSettings = {
				ALWAYS_EMBED_SWIFT_STANDARD_LIBRARIES = YES;
				CODE_SIGN_STYLE = Automatic;
				CURRENT_PROJECT_VERSION = 1;
				DEVELOPMENT_TEAM = 8K8VT9C65D;
				GENERATE_INFOPLIST_FILE = YES;
				MARKETING_VERSION = 1.0;
				PRODUCT_BUNDLE_IDENTIFIER = com.wonderwall.fromm.CustomPopUpUITests;
				PRODUCT_NAME = "$(TARGET_NAME)";
				SWIFT_EMIT_LOC_STRINGS = NO;
				SWIFT_VERSION = 5.0;
				TARGETED_DEVICE_FAMILY = "1,2";
				TEST_TARGET_NAME = CustomPopUp;
			};
			name = Debug;
		};
		846058CD28A1F7AD007EE2B3 /* Release */ = {
			isa = XCBuildConfiguration;
			buildSettings = {
				ALWAYS_EMBED_SWIFT_STANDARD_LIBRARIES = YES;
				CODE_SIGN_STYLE = Automatic;
				CURRENT_PROJECT_VERSION = 1;
				DEVELOPMENT_TEAM = 8K8VT9C65D;
				GENERATE_INFOPLIST_FILE = YES;
				MARKETING_VERSION = 1.0;
				PRODUCT_BUNDLE_IDENTIFIER = com.wonderwall.fromm.CustomPopUpUITests;
				PRODUCT_NAME = "$(TARGET_NAME)";
				SWIFT_EMIT_LOC_STRINGS = NO;
				SWIFT_VERSION = 5.0;
				TARGETED_DEVICE_FAMILY = "1,2";
				TEST_TARGET_NAME = CustomPopUp;
			};
			name = Release;
		};
/* End XCBuildConfiguration section */

/* Begin XCConfigurationList section */
		8460589628A1F7AA007EE2B3 /* Build configuration list for PBXProject "CustomPopUp" */ = {
			isa = XCConfigurationList;
			buildConfigurations = (
				846058C328A1F7AD007EE2B3 /* Debug */,
				846058C428A1F7AD007EE2B3 /* Release */,
			);
			defaultConfigurationIsVisible = 0;
			defaultConfigurationName = Release;
		};
		846058C528A1F7AD007EE2B3 /* Build configuration list for PBXNativeTarget "CustomPopUp" */ = {
			isa = XCConfigurationList;
			buildConfigurations = (
				846058C628A1F7AD007EE2B3 /* Debug */,
				846058C728A1F7AD007EE2B3 /* Release */,
			);
			defaultConfigurationIsVisible = 0;
			defaultConfigurationName = Release;
		};
		846058C828A1F7AD007EE2B3 /* Build configuration list for PBXNativeTarget "CustomPopUpTests" */ = {
			isa = XCConfigurationList;
			buildConfigurations = (
				846058C928A1F7AD007EE2B3 /* Debug */,
				846058CA28A1F7AD007EE2B3 /* Release */,
			);
			defaultConfigurationIsVisible = 0;
			defaultConfigurationName = Release;
		};
		846058CB28A1F7AD007EE2B3 /* Build configuration list for PBXNativeTarget "CustomPopUpUITests" */ = {
			isa = XCConfigurationList;
			buildConfigurations = (
				846058CC28A1F7AD007EE2B3 /* Debug */,
				846058CD28A1F7AD007EE2B3 /* Release */,
			);
			defaultConfigurationIsVisible = 0;
			defaultConfigurationName = Release;
		};
/* End XCConfigurationList section */
	};
	rootObject = 8460589328A1F7AA007EE2B3 /* Project object */;
}
